
Microsoft Visual Studio Solution File, Format Version 12.00
# Visual Studio Version 17
VisualStudioVersion = 17.7.34031.279
MinimumVisualStudioVersion = 10.0.40219.1
Project("{9A19103F-16F7-4668-BE54-9A1E7A4F7556}") = "TP_Integrador", "TP_Integrador\TP_Integrador.csproj", "{F35EC51F-2485-4F85-A1C1-8EE8B998F775}"
EndProject
Project("{9A19103F-16F7-4668-BE54-9A1E7A4F7556}") = "Laberinto", "..\Laberinto\Laberinto\Laberinto.csproj", "{BE452284-DD1E-44C5-8F9E-E0FD77AF44DC}"
EndProject
Global
	GlobalSection(SolutionConfigurationPlatforms) = preSolution
		Debug|Any CPU = Debug|Any CPU
		Release|Any CPU = Release|Any CPU
	EndGlobalSection
	GlobalSection(ProjectConfigurationPlatforms) = postSolution
		{F35EC51F-2485-4F85-A1C1-8EE8B998F775}.Debug|Any CPU.ActiveCfg = Debug|Any CPU
		{F35EC51F-2485-4F85-A1C1-8EE8B998F775}.Debug|Any CPU.Build.0 = Debug|Any CPU
		{F35EC51F-2485-4F85-A1C1-8EE8B998F775}.Release|Any CPU.ActiveCfg = Release|Any CPU
		{F35EC51F-2485-4F85-A1C1-8EE8B998F775}.Release|Any CPU.Build.0 = Release|Any CPU
		{BE452284-DD1E-44C5-8F9E-E0FD77AF44DC}.Debug|Any CPU.ActiveCfg = Debug|Any CPU
		{BE452284-DD1E-44C5-8F9E-E0FD77AF44DC}.Debug|Any CPU.Build.0 = Debug|Any CPU
		{BE452284-DD1E-44C5-8F9E-E0FD77AF44DC}.Release|Any CPU.ActiveCfg = Release|Any CPU
		{BE452284-DD1E-44C5-8F9E-E0FD77AF44DC}.Release|Any CPU.Build.0 = Release|Any CPU
	EndGlobalSection
	GlobalSection(SolutionProperties) = preSolution
		HideSolutionNode = FALSE
	EndGlobalSection
	GlobalSection(ExtensibilityGlobals) = postSolution
		SolutionGuid = {673DFDA1-2AB6-46D7-9A29-EE0825E94BEE}
	EndGlobalSection
EndGlobal
